
Microsoft Visual Studio Solution File, Format Version 12.00
# Visual Studio Version 17
VisualStudioVersion = 17.0.31903.59
MinimumVisualStudioVersion = 10.0.40219.1
Project("{FAE04EC0-301F-11D3-BF4B-00C04F79EFBC}") = "Stormylib", "Stormylib\Stormylib.csproj", "{10FECC30-E27C-4DFC-AAEE-072214E6AE8B}"
EndProject
Project("{FAE04EC0-301F-11D3-BF4B-00C04F79EFBC}") = "StormyWebApi", "StormyWebApi\StormyWebApi.csproj", "{3700D34E-88CB-40CF-B75B-61ADDD067021}"
EndProject
Project("{FAE04EC0-301F-11D3-BF4B-00C04F79EFBC}") = "StormyWebApi.Test", "StormyWebApi.Test\StormyWebApi.Test.csproj", "{2F5EA402-9891-494D-8908-AB41CBB152FF}"
EndProject
Global
	GlobalSection(SolutionConfigurationPlatforms) = preSolution
		Debug|Any CPU = Debug|Any CPU
		Release|Any CPU = Release|Any CPU
	EndGlobalSection
	GlobalSection(SolutionProperties) = preSolution
		HideSolutionNode = FALSE
	EndGlobalSection
	GlobalSection(ProjectConfigurationPlatforms) = postSolution
		{10FECC30-E27C-4DFC-AAEE-072214E6AE8B}.Debug|Any CPU.ActiveCfg = Debug|Any CPU
		{10FECC30-E27C-4DFC-AAEE-072214E6AE8B}.Debug|Any CPU.Build.0 = Debug|Any CPU
		{10FECC30-E27C-4DFC-AAEE-072214E6AE8B}.Release|Any CPU.ActiveCfg = Release|Any CPU
		{10FECC30-E27C-4DFC-AAEE-072214E6AE8B}.Release|Any CPU.Build.0 = Release|Any CPU
		{3700D34E-88CB-40CF-B75B-61ADDD067021}.Debug|Any CPU.ActiveCfg = Debug|Any CPU
		{3700D34E-88CB-40CF-B75B-61ADDD067021}.Debug|Any CPU.Build.0 = Debug|Any CPU
		{3700D34E-88CB-40CF-B75B-61ADDD067021}.Release|Any CPU.ActiveCfg = Release|Any CPU
		{3700D34E-88CB-40CF-B75B-61ADDD067021}.Release|Any CPU.Build.0 = Release|Any CPU
		{2F5EA402-9891-494D-8908-AB41CBB152FF}.Debug|Any CPU.ActiveCfg = Debug|Any CPU
		{2F5EA402-9891-494D-8908-AB41CBB152FF}.Debug|Any CPU.Build.0 = Debug|Any CPU
		{2F5EA402-9891-494D-8908-AB41CBB152FF}.Release|Any CPU.ActiveCfg = Release|Any CPU
		{2F5EA402-9891-494D-8908-AB41CBB152FF}.Release|Any CPU.Build.0 = Release|Any CPU
	EndGlobalSection
EndGlobal
